// !$*UTF8*$!
{
	archiveVersion = 1;
	classes = {
	};
	objectVersion = 50;
	objects = {

/* Begin PBXBuildFile section */
		C113F60B23009C86004FA2C2 /* AppDelegate.swift in Sources */ = {isa = PBXBuildFile; fileRef = C113F60A23009C86004FA2C2 /* AppDelegate.swift */; };
		C113F60D23009C86004FA2C2 /* ViewController.swift in Sources */ = {isa = PBXBuildFile; fileRef = C113F60C23009C86004FA2C2 /* ViewController.swift */; };
		C113F61023009C86004FA2C2 /* Main.storyboard in Resources */ = {isa = PBXBuildFile; fileRef = C113F60E23009C86004FA2C2 /* Main.storyboard */; };
		C113F61223009C89004FA2C2 /* Assets.xcassets in Resources */ = {isa = PBXBuildFile; fileRef = C113F61123009C89004FA2C2 /* Assets.xcassets */; };
		C113F61523009C89004FA2C2 /* LaunchScreen.storyboard in Resources */ = {isa = PBXBuildFile; fileRef = C113F61323009C89004FA2C2 /* LaunchScreen.storyboard */; };
		C113F62023009C89004FA2C2 /* playappTests.swift in Sources */ = {isa = PBXBuildFile; fileRef = C113F61F23009C89004FA2C2 /* playappTests.swift */; };
		C113F62B23009C89004FA2C2 /* playappUITests.swift in Sources */ = {isa = PBXBuildFile; fileRef = C113F62A23009C89004FA2C2 /* playappUITests.swift */; };
/* End PBXBuildFile section */

/* Begin PBXContainerItemProxy section */
		C113F61C23009C89004FA2C2 /* PBXContainerItemProxy */ = {
			isa = PBXContainerItemProxy;
			containerPortal = C113F5FF23009C86004FA2C2 /* Project object */;
			proxyType = 1;
			remoteGlobalIDString = C113F60623009C86004FA2C2;
			remoteInfo = playapp;
		};
		C113F62723009C89004FA2C2 /* PBXContainerItemProxy */ = {
			isa = PBXContainerItemProxy;
			containerPortal = C113F5FF23009C86004FA2C2 /* Project object */;
			proxyType = 1;
			remoteGlobalIDString = C113F60623009C86004FA2C2;
			remoteInfo = playapp;
		};
/* End PBXContainerItemProxy section */

/* Begin PBXFileReference section */
		C113F60723009C86004FA2C2 /* playapp.app */ = {isa = PBXFileReference; explicitFileType = wrapper.application; includeInIndex = 0; path = playapp.app; sourceTree = BUILT_PRODUCTS_DIR; };
		C113F60A23009C86004FA2C2 /* AppDelegate.swift */ = {isa = PBXFileReference; lastKnownFileType = sourcecode.swift; path = AppDelegate.swift; sourceTree = "<group>"; };
		C113F60C23009C86004FA2C2 /* ViewController.swift */ = {isa = PBXFileReference; lastKnownFileType = sourcecode.swift; path = ViewController.swift; sourceTree = "<group>"; };
		C113F60F23009C86004FA2C2 /* Base */ = {isa = PBXFileReference; lastKnownFileType = file.storyboard; name = Base; path = Base.lproj/Main.storyboard; sourceTree = "<group>"; };
		C113F61123009C89004FA2C2 /* Assets.xcassets */ = {isa = PBXFileReference; lastKnownFileType = folder.assetcatalog; path = Assets.xcassets; sourceTree = "<group>"; };
		C113F61423009C89004FA2C2 /* Base */ = {isa = PBXFileReference; lastKnownFileType = file.storyboard; name = Base; path = Base.lproj/LaunchScreen.storyboard; sourceTree = "<group>"; };
		C113F61623009C89004FA2C2 /* Info.plist */ = {isa = PBXFileReference; lastKnownFileType = text.plist.xml; path = Info.plist; sourceTree = "<group>"; };
		C113F61B23009C89004FA2C2 /* playappTests.xctest */ = {isa = PBXFileReference; explicitFileType = wrapper.cfbundle; includeInIndex = 0; path = playappTests.xctest; sourceTree = BUILT_PRODUCTS_DIR; };
		C113F61F23009C89004FA2C2 /* playappTests.swift */ = {isa = PBXFileReference; lastKnownFileType = sourcecode.swift; path = playappTests.swift; sourceTree = "<group>"; };
		C113F62123009C89004FA2C2 /* Info.plist */ = {isa = PBXFileReference; lastKnownFileType = text.plist.xml; path = Info.plist; sourceTree = "<group>"; };
		C113F62623009C89004FA2C2 /* playappUITests.xctest */ = {isa = PBXFileReference; explicitFileType = wrapper.cfbundle; includeInIndex = 0; path = playappUITests.xctest; sourceTree = BUILT_PRODUCTS_DIR; };
		C113F62A23009C89004FA2C2 /* playappUITests.swift */ = {isa = PBXFileReference; lastKnownFileType = sourcecode.swift; path = playappUITests.swift; sourceTree = "<group>"; };
		C113F62C23009C89004FA2C2 /* Info.plist */ = {isa = PBXFileReference; lastKnownFileType = text.plist.xml; path = Info.plist; sourceTree = "<group>"; };
/* End PBXFileReference section */

/* Begin PBXFrameworksBuildPhase section */
		C113F60423009C86004FA2C2 /* Frameworks */ = {
			isa = PBXFrameworksBuildPhase;
			buildActionMask = 2147483647;
			files = (
			);
			runOnlyForDeploymentPostprocessing = 0;
		};
		C113F61823009C89004FA2C2 /* Frameworks */ = {
			isa = PBXFrameworksBuildPhase;
			buildActionMask = 2147483647;
			files = (
			);
			runOnlyForDeploymentPostprocessing = 0;
		};
		C113F62323009C89004FA2C2 /* Frameworks */ = {
			isa = PBXFrameworksBuildPhase;
			buildActionMask = 2147483647;
			files = (
			);
			runOnlyForDeploymentPostprocessing = 0;
		};
/* End PBXFrameworksBuildPhase section */

/* Begin PBXGroup section */
		C113F5FE23009C86004FA2C2 = {
			isa = PBXGroup;
			children = (
				C113F60923009C86004FA2C2 /* playapp */,
				C113F61E23009C89004FA2C2 /* playappTests */,
				C113F62923009C89004FA2C2 /* playappUITests */,
				C113F60823009C86004FA2C2 /* Products */,
			);
			sourceTree = "<group>";
		};
		C113F60823009C86004FA2C2 /* Products */ = {
			isa = PBXGroup;
			children = (
				C113F60723009C86004FA2C2 /* playapp.app */,
				C113F61B23009C89004FA2C2 /* playappTests.xctest */,
				C113F62623009C89004FA2C2 /* playappUITests.xctest */,
			);
			name = Products;
			sourceTree = "<group>";
		};
		C113F60923009C86004FA2C2 /* playapp */ = {
			isa = PBXGroup;
			children = (
				C113F60A23009C86004FA2C2 /* AppDelegate.swift */,
				C113F60C23009C86004FA2C2 /* ViewController.swift */,
				C113F60E23009C86004FA2C2 /* Main.storyboard */,
				C113F61123009C89004FA2C2 /* Assets.xcassets */,
				C113F61323009C89004FA2C2 /* LaunchScreen.storyboard */,
				C113F61623009C89004FA2C2 /* Info.plist */,
			);
			path = playapp;
			sourceTree = "<group>";
		};
		C113F61E23009C89004FA2C2 /* playappTests */ = {
			isa = PBXGroup;
			children = (
				C113F61F23009C89004FA2C2 /* playappTests.swift */,
				C113F62123009C89004FA2C2 /* Info.plist */,
			);
			path = playappTests;
			sourceTree = "<group>";
		};
		C113F62923009C89004FA2C2 /* playappUITests */ = {
			isa = PBXGroup;
			children = (
				C113F62A23009C89004FA2C2 /* playappUITests.swift */,
				C113F62C23009C89004FA2C2 /* Info.plist */,
			);
			path = playappUITests;
			sourceTree = "<group>";
		};
/* End PBXGroup section */

/* Begin PBXNativeTarget section */
		C113F60623009C86004FA2C2 /* playapp */ = {
			isa = PBXNativeTarget;
			buildConfigurationList = C113F62F23009C89004FA2C2 /* Build configuration list for PBXNativeTarget "playapp" */;
			buildPhases = (
				C113F60323009C86004FA2C2 /* Sources */,
				C113F60423009C86004FA2C2 /* Frameworks */,
				C113F60523009C86004FA2C2 /* Resources */,
			);
			buildRules = (
			);
			dependencies = (
			);
			name = playapp;
			productName = playapp;
			productReference = C113F60723009C86004FA2C2 /* playapp.app */;
			productType = "com.apple.product-type.application";
		};
		C113F61A23009C89004FA2C2 /* playappTests */ = {
			isa = PBXNativeTarget;
			buildConfigurationList = C113F63223009C89004FA2C2 /* Build configuration list for PBXNativeTarget "playappTests" */;
			buildPhases = (
				C113F61723009C89004FA2C2 /* Sources */,
				C113F61823009C89004FA2C2 /* Frameworks */,
				C113F61923009C89004FA2C2 /* Resources */,
			);
			buildRules = (
			);
			dependencies = (
				C113F61D23009C89004FA2C2 /* PBXTargetDependency */,
			);
			name = playappTests;
			productName = playappTests;
			productReference = C113F61B23009C89004FA2C2 /* playappTests.xctest */;
			productType = "com.apple.product-type.bundle.unit-test";
		};
		C113F62523009C89004FA2C2 /* playappUITests */ = {
			isa = PBXNativeTarget;
			buildConfigurationList = C113F63523009C89004FA2C2 /* Build configuration list for PBXNativeTarget "playappUITests" */;
			buildPhases = (
				C113F62223009C89004FA2C2 /* Sources */,
				C113F62323009C89004FA2C2 /* Frameworks */,
				C113F62423009C89004FA2C2 /* Resources */,
			);
			buildRules = (
			);
			dependencies = (
				C113F62823009C89004FA2C2 /* PBXTargetDependency */,
			);
			name = playappUITests;
			productName = playappUITests;
			productReference = C113F62623009C89004FA2C2 /* playappUITests.xctest */;
			productType = "com.apple.product-type.bundle.ui-testing";
		};
/* End PBXNativeTarget section */

/* Begin PBXProject section */
		C113F5FF23009C86004FA2C2 /* Project object */ = {
			isa = PBXProject;
			attributes = {
				LastSwiftUpdateCheck = 1030;
				LastUpgradeCheck = 1030;
				ORGANIZATIONNAME = MADELINE;
				TargetAttributes = {
					C113F60623009C86004FA2C2 = {
						CreatedOnToolsVersion = 10.3;
					};
					C113F61A23009C89004FA2C2 = {
						CreatedOnToolsVersion = 10.3;
						TestTargetID = C113F60623009C86004FA2C2;
					};
					C113F62523009C89004FA2C2 = {
						CreatedOnToolsVersion = 10.3;
						TestTargetID = C113F60623009C86004FA2C2;
					};
				};
			};
			buildConfigurationList = C113F60223009C86004FA2C2 /* Build configuration list for PBXProject "playapp" */;
			compatibilityVersion = "Xcode 9.3";
			developmentRegion = en;
			hasScannedForEncodings = 0;
			knownRegions = (
				en,
				Base,
			);
			mainGroup = C113F5FE23009C86004FA2C2;
			productRefGroup = C113F60823009C86004FA2C2 /* Products */;
			projectDirPath = "";
			projectRoot = "";
			targets = (
				C113F60623009C86004FA2C2 /* playapp */,
				C113F61A23009C89004FA2C2 /* playappTests */,
				C113F62523009C89004FA2C2 /* playappUITests */,
			);
		};
/* End PBXProject section */

/* Begin PBXResourcesBuildPhase section */
		C113F60523009C86004FA2C2 /* Resources */ = {
			isa = PBXResourcesBuildPhase;
			buildActionMask = 2147483647;
			files = (
				C113F61523009C89004FA2C2 /* LaunchScreen.storyboard in Resources */,
				C113F61223009C89004FA2C2 /* Assets.xcassets in Resources */,
				C113F61023009C86004FA2C2 /* Main.storyboard in Resources */,
			);
			runOnlyForDeploymentPostprocessing = 0;
		};
		C113F61923009C89004FA2C2 /* Resources */ = {
			isa = PBXResourcesBuildPhase;
			buildActionMask = 2147483647;
			files = (
			);
			runOnlyForDeploymentPostprocessing = 0;
		};
		C113F62423009C89004FA2C2 /* Resources */ = {
			isa = PBXResourcesBuildPhase;
			buildActionMask = 2147483647;
			files = (
			);
			runOnlyForDeploymentPostprocessing = 0;
		};
/* End PBXResourcesBuildPhase section */

/* Begin PBXSourcesBuildPhase section */
		C113F60323009C86004FA2C2 /* Sources */ = {
			isa = PBXSourcesBuildPhase;
			buildActionMask = 2147483647;
			files = (
				C113F60D23009C86004FA2C2 /* ViewController.swift in Sources */,
				C113F60B23009C86004FA2C2 /* AppDelegate.swift in Sources */,
			);
			runOnlyForDeploymentPostprocessing = 0;
		};
		C113F61723009C89004FA2C2 /* Sources */ = {
			isa = PBXSourcesBuildPhase;
			buildActionMask = 2147483647;
			files = (
				C113F62023009C89004FA2C2 /* playappTests.swift in Sources */,
			);
			runOnlyForDeploymentPostprocessing = 0;
		};
		C113F62223009C89004FA2C2 /* Sources */ = {
			isa = PBXSourcesBuildPhase;
			buildActionMask = 2147483647;
			files = (
				C113F62B23009C89004FA2C2 /* playappUITests.swift in Sources */,
			);
			runOnlyForDeploymentPostprocessing = 0;
		};
/* End PBXSourcesBuildPhase section */

/* Begin PBXTargetDependency section */
		C113F61D23009C89004FA2C2 /* PBXTargetDependency */ = {
			isa = PBXTargetDependency;
			target = C113F60623009C86004FA2C2 /* playapp */;
			targetProxy = C113F61C23009C89004FA2C2 /* PBXContainerItemProxy */;
		};
		C113F62823009C89004FA2C2 /* PBXTargetDependency */ = {
			isa = PBXTargetDependency;
			target = C113F60623009C86004FA2C2 /* playapp */;
			targetProxy = C113F62723009C89004FA2C2 /* PBXContainerItemProxy */;
		};
/* End PBXTargetDependency section */

/* Begin PBXVariantGroup section */
		C113F60E23009C86004FA2C2 /* Main.storyboard */ = {
			isa = PBXVariantGroup;
			children = (
				C113F60F23009C86004FA2C2 /* Base */,
			);
			name = Main.storyboard;
			sourceTree = "<group>";
		};
		C113F61323009C89004FA2C2 /* LaunchScreen.storyboard */ = {
			isa = PBXVariantGroup;
			children = (
				C113F61423009C89004FA2C2 /* Base */,
			);
			name = LaunchScreen.storyboard;
			sourceTree = "<group>";
		};
/* End PBXVariantGroup section */

/* Begin XCBuildConfiguration section */
		C113F62D23009C89004FA2C2 /* Debug */ = {
			isa = XCBuildConfiguration;
			buildSettings = {
				ALWAYS_SEARCH_USER_PATHS = NO;
				CLANG_ANALYZER_NONNULL = YES;
				CLANG_ANALYZER_NUMBER_OBJECT_CONVERSION = YES_AGGRESSIVE;
				CLANG_CXX_LANGUAGE_STANDARD = "gnu++14";
				CLANG_CXX_LIBRARY = "libc++";
				CLANG_ENABLE_MODULES = YES;
				CLANG_ENABLE_OBJC_ARC = YES;
				CLANG_ENABLE_OBJC_WEAK = YES;
				CLANG_WARN_BLOCK_CAPTURE_AUTORELEASING = YES;
				CLANG_WARN_BOOL_CONVERSION = YES;
				CLANG_WARN_COMMA = YES;
				CLANG_WARN_CONSTANT_CONVERSION = YES;
				CLANG_WARN_DEPRECATED_OBJC_IMPLEMENTATIONS = YES;
				CLANG_WARN_DIRECT_OBJC_ISA_USAGE = YES_ERROR;
				CLANG_WARN_DOCUMENTATION_COMMENTS = YES;
				CLANG_WARN_EMPTY_BODY = YES;
				CLANG_WARN_ENUM_CONVERSION = YES;
				CLANG_WARN_INFINITE_RECURSION = YES;
				CLANG_WARN_INT_CONVERSION = YES;
				CLANG_WARN_NON_LITERAL_NULL_CONVERSION = YES;
				CLANG_WARN_OBJC_IMPLICIT_RETAIN_SELF = YES;
				CLANG_WARN_OBJC_LITERAL_CONVERSION = YES;
				CLANG_WARN_OBJC_ROOT_CLASS = YES_ERROR;
				CLANG_WARN_RANGE_LOOP_ANALYSIS = YES;
				CLANG_WARN_STRICT_PROTOTYPES = YES;
				CLANG_WARN_SUSPICIOUS_MOVE = YES;
				CLANG_WARN_UNGUARDED_AVAILABILITY = YES_AGGRESSIVE;
				CLANG_WARN_UNREACHABLE_CODE = YES;
				CLANG_WARN__DUPLICATE_METHOD_MATCH = YES;
				CODE_SIGN_IDENTITY = "iPhone Developer";
				COPY_PHASE_STRIP = NO;
				DEBUG_INFORMATION_FORMAT = dwarf;
				ENABLE_STRICT_OBJC_MSGSEND = YES;
				ENABLE_TESTABILITY = YES;
				GCC_C_LANGUAGE_STANDARD = gnu11;
				GCC_DYNAMIC_NO_PIC = NO;
				GCC_NO_COMMON_BLOCKS = YES;
				GCC_OPTIMIZATION_LEVEL = 0;
				GCC_PREPROCESSOR_DEFINITIONS = (
					"DEBUG=1",
					"$(inherited)",
				);
				GCC_WARN_64_TO_32_BIT_CONVERSION = YES;
				GCC_WARN_ABOUT_RETURN_TYPE = YES_ERROR;
				GCC_WARN_UNDECLARED_SELECTOR = YES;
				GCC_WARN_UNINITIALIZED_AUTOS = YES_AGGRESSIVE;
				GCC_WARN_UNUSED_FUNCTION = YES;
				GCC_WARN_UNUSED_VARIABLE = YES;
				IPHONEOS_DEPLOYMENT_TARGET = 12.4;
				MTL_ENABLE_DEBUG_INFO = INCLUDE_SOURCE;
				MTL_FAST_MATH = YES;
				ONLY_ACTIVE_ARCH = YES;
				SDKROOT = iphoneos;
				SWIFT_ACTIVE_COMPILATION_CONDITIONS = DEBUG;
				SWIFT_OPTIMIZATION_LEVEL = "-Onone";
			};
			name = Debug;
		};
		C113F62E23009C89004FA2C2 /* Release */ = {
			isa = XCBuildConfiguration;
			buildSettings = {
				ALWAYS_SEARCH_USER_PATHS = NO;
				CLANG_ANALYZER_NONNULL = YES;
				CLANG_ANALYZER_NUMBER_OBJECT_CONVERSION = YES_AGGRESSIVE;
				CLANG_CXX_LANGUAGE_STANDARD = "gnu++14";
				CLANG_CXX_LIBRARY = "libc++";
				CLANG_ENABLE_MODULES = YES;
				CLANG_ENABLE_OBJC_ARC = YES;
				CLANG_ENABLE_OBJC_WEAK = YES;
				CLANG_WARN_BLOCK_CAPTURE_AUTORELEASING = YES;
				CLANG_WARN_BOOL_CONVERSION = YES;
				CLANG_WARN_COMMA = YES;
				CLANG_WARN_CONSTANT_CONVERSION = YES;
				CLANG_WARN_DEPRECATED_OBJC_IMPLEMENTATIONS = YES;
				CLANG_WARN_DIRECT_OBJC_ISA_USAGE = YES_ERROR;
				CLANG_WARN_DOCUMENTATION_COMMENTS = YES;
				CLANG_WARN_EMPTY_BODY = YES;
				CLANG_WARN_ENUM_CONVERSION = YES;
				CLANG_WARN_INFINITE_RECURSION = YES;
				CLANG_WARN_INT_CONVERSION = YES;
				CLANG_WARN_NON_LITERAL_NULL_CONVERSION = YES;
				CLANG_WARN_OBJC_IMPLICIT_RETAIN_SELF = YES;
				CLANG_WARN_OBJC_LITERAL_CONVERSION = YES;
				CLANG_WARN_OBJC_ROOT_CLASS = YES_ERROR;
				CLANG_WARN_RANGE_LOOP_ANALYSIS = YES;
				CLANG_WARN_STRICT_PROTOTYPES = YES;
				CLANG_WARN_SUSPICIOUS_MOVE = YES;
				CLANG_WARN_UNGUARDED_AVAILABILITY = YES_AGGRESSIVE;
				CLANG_WARN_UNREACHABLE_CODE = YES;
				CLANG_WARN__DUPLICATE_METHOD_MATCH = YES;
				CODE_SIGN_IDENTITY = "iPhone Developer";
				COPY_PHASE_STRIP = NO;
				DEBUG_INFORMATION_FORMAT = "dwarf-with-dsym";
				ENABLE_NS_ASSERTIONS = NO;
				ENABLE_STRICT_OBJC_MSGSEND = YES;
				GCC_C_LANGUAGE_STANDARD = gnu11;
				GCC_NO_COMMON_BLOCKS = YES;
				GCC_WARN_64_TO_32_BIT_CONVERSION = YES;
				GCC_WARN_ABOUT_RETURN_TYPE = YES_ERROR;
				GCC_WARN_UNDECLARED_SELECTOR = YES;
				GCC_WARN_UNINITIALIZED_AUTOS = YES_AGGRESSIVE;
				GCC_WARN_UNUSED_FUNCTION = YES;
				GCC_WARN_UNUSED_VARIABLE = YES;
				IPHONEOS_DEPLOYMENT_TARGET = 12.4;
				MTL_ENABLE_DEBUG_INFO = NO;
				MTL_FAST_MATH = YES;
				SDKROOT = iphoneos;
				SWIFT_COMPILATION_MODE = wholemodule;
				SWIFT_OPTIMIZATION_LEVEL = "-O";
				VALIDATE_PRODUCT = YES;
			};
			name = Release;
		};
		C113F63023009C89004FA2C2 /* Debug */ = {
			isa = XCBuildConfiguration;
			buildSettings = {
				ASSETCATALOG_COMPILER_APPICON_NAME = AppIcon;
				CODE_SIGN_STYLE = Automatic;
				INFOPLIST_FILE = playapp/Info.plist;
				LD_RUNPATH_SEARCH_PATHS = (
					"$(inherited)",
					"@executable_path/Frameworks",
				);
				PRODUCT_BUNDLE_IDENTIFIER = MADELINE.playapp;
				PRODUCT_NAME = "$(TARGET_NAME)";
				SWIFT_VERSION = 5.0;
				TARGETED_DEVICE_FAMILY = "1,2";
			};
			name = Debug;
		};
		C113F63123009C89004FA2C2 /* Release */ = {
			isa = XCBuildConfiguration;
			buildSettings = {
				ASSETCATALOG_COMPILER_APPICON_NAME = AppIcon;
				CODE_SIGN_STYLE = Automatic;
				INFOPLIST_FILE = playapp/Info.plist;
				LD_RUNPATH_SEARCH_PATHS = (
					"$(inherited)",
					"@executable_path/Frameworks",
				);
				PRODUCT_BUNDLE_IDENTIFIER = MADELINE.playapp;
				PRODUCT_NAME = "$(TARGET_NAME)";
				SWIFT_VERSION = 5.0;
				TARGETED_DEVICE_FAMILY = "1,2";
			};
			name = Release;
		};
		C113F63323009C89004FA2C2 /* Debug */ = {
			isa = XCBuildConfiguration;
			buildSettings = {
				ALWAYS_EMBED_SWIFT_STANDARD_LIBRARIES = YES;
				BUNDLE_LOADER = "$(TEST_HOST)";
				CODE_SIGN_STYLE = Automatic;
				INFOPLIST_FILE = playappTests/Info.plist;
				LD_RUNPATH_SEARCH_PATHS = (
					"$(inherited)",
					"@executable_path/Frameworks",
					"@loader_path/Frameworks",
				);
				PRODUCT_BUNDLE_IDENTIFIER = MADELINE.playappTests;
				PRODUCT_NAME = "$(TARGET_NAME)";
				SWIFT_VERSION = 5.0;
				TARGETED_DEVICE_FAMILY = "1,2";
				TEST_HOST = "$(BUILT_PRODUCTS_DIR)/playapp.app/playapp";
			};
			name = Debug;
		};
		C113F63423009C89004FA2C2 /* Release */ = {
			isa = XCBuildConfiguration;
			buildSettings = {
				ALWAYS_EMBED_SWIFT_STANDARD_LIBRARIES = YES;
				BUNDLE_LOADER = "$(TEST_HOST)";
				CODE_SIGN_STYLE = Automatic;
				INFOPLIST_FILE = playappTests/Info.plist;
				LD_RUNPATH_SEARCH_PATHS = (
					"$(inherited)",
					"@executable_path/Frameworks",
					"@loader_path/Frameworks",
				);
				PRODUCT_BUNDLE_IDENTIFIER = MADELINE.playappTests;
				PRODUCT_NAME = "$(TARGET_NAME)";
				SWIFT_VERSION = 5.0;
				TARGETED_DEVICE_FAMILY = "1,2";
				TEST_HOST = "$(BUILT_PRODUCTS_DIR)/playapp.app/playapp";
			};
			name = Release;
		};
		C113F63623009C89004FA2C2 /* Debug */ = {
			isa = XCBuildConfiguration;
			buildSettings = {
				ALWAYS_EMBED_SWIFT_STANDARD_LIBRARIES = YES;
				CODE_SIGN_STYLE = Automatic;
				INFOPLIST_FILE = playappUITests/Info.plist;
				LD_RUNPATH_SEARCH_PATHS = (
					"$(inherited)",
					"@executable_path/Frameworks",
					"@loader_path/Frameworks",
				);
				PRODUCT_BUNDLE_IDENTIFIER = MADELINE.playappUITests;
				PRODUCT_NAME = "$(TARGET_NAME)";
				SWIFT_VERSION = 5.0;
				TARGETED_DEVICE_FAMILY = "1,2";
				TEST_TARGET_NAME = playapp;
			};
			name = Debug;
		};
		C113F63723009C89004FA2C2 /* Release */ = {
			isa = XCBuildConfiguration;
			buildSettings = {
				ALWAYS_EMBED_SWIFT_STANDARD_LIBRARIES = YES;
				CODE_SIGN_STYLE = Automatic;
				INFOPLIST_FILE = playappUITests/Info.plist;
				LD_RUNPATH_SEARCH_PATHS = (
					"$(inherited)",
					"@executable_path/Frameworks",
					"@loader_path/Frameworks",
				);
				PRODUCT_BUNDLE_IDENTIFIER = MADELINE.playappUITests;
				PRODUCT_NAME = "$(TARGET_NAME)";
				SWIFT_VERSION = 5.0;
				TARGETED_DEVICE_FAMILY = "1,2";
				TEST_TARGET_NAME = playapp;
			};
			name = Release;
		};
/* End XCBuildConfiguration section */

/* Begin XCConfigurationList section */
		C113F60223009C86004FA2C2 /* Build configuration list for PBXProject "playapp" */ = {
			isa = XCConfigurationList;
			buildConfigurations = (
				C113F62D23009C89004FA2C2 /* Debug */,
				C113F62E23009C89004FA2C2 /* Release */,
			);
			defaultConfigurationIsVisible = 0;
			defaultConfigurationName = Release;
		};
		C113F62F23009C89004FA2C2 /* Build configuration list for PBXNativeTarget "playapp" */ = {
			isa = XCConfigurationList;
			buildConfigurations = (
				C113F63023009C89004FA2C2 /* Debug */,
				C113F63123009C89004FA2C2 /* Release */,
			);
			defaultConfigurationIsVisible = 0;
			defaultConfigurationName = Release;
		};
		C113F63223009C89004FA2C2 /* Build configuration list for PBXNativeTarget "playappTests" */ = {
			isa = XCConfigurationList;
			buildConfigurations = (
				C113F63323009C89004FA2C2 /* Debug */,
				C113F63423009C89004FA2C2 /* Release */,
			);
			defaultConfigurationIsVisible = 0;
			defaultConfigurationName = Release;
		};
		C113F63523009C89004FA2C2 /* Build configuration list for PBXNativeTarget "playappUITests" */ = {
			isa = XCConfigurationList;
			buildConfigurations = (
				C113F63623009C89004FA2C2 /* Debug */,
				C113F63723009C89004FA2C2 /* Release */,
			);
			defaultConfigurationIsVisible = 0;
			defaultConfigurationName = Release;
		};
/* End XCConfigurationList section */
	};
	rootObject = C113F5FF23009C86004FA2C2 /* Project object */;
}
